
Microsoft Visual Studio Solution File, Format Version 12.00
# Visual Studio 15
VisualStudioVersion = 15.0.26730.15
MinimumVisualStudioVersion = 10.0.40219.1
Project("{FAE04EC0-301F-11D3-BF4B-00C04F79EFBC}") = "CdMgr.Core", "CdMgr.Core\CdMgr.Core.csproj", "{29E341E6-614C-48F9-9240-76BE56490E97}"
EndProject
Project("{FAE04EC0-301F-11D3-BF4B-00C04F79EFBC}") = "CdMgr.Persistence", "CdMgr.Persistence\CdMgr.Persistence.csproj", "{C5DD9F39-3100-4889-94EE-51B851C4A85C}"
EndProject
Project("{FAE04EC0-301F-11D3-BF4B-00C04F79EFBC}") = "CdMgr.ConsoleFillDb", "CdMgr.ConsoleFillDb\CdMgr.ConsoleFillDb.csproj", "{BA3931E0-A709-4670-814C-617AAFDF556D}"
EndProject
Project("{FAE04EC0-301F-11D3-BF4B-00C04F79EFBC}") = "Utils", "Utils\Utils.csproj", "{AF0F5FEF-CCA6-4CD0-98E9-AFC700AEEF53}"
EndProject
Project("{9A19103F-16F7-4668-BE54-9A1E7A4F7556}") = "CdMgr.Web", "CdMgr.Web\CdMgr.Web.csproj", "{FD77EB60-9FF9-4F55-B579-3A97726E9462}"
EndProject
Global
	GlobalSection(SolutionConfigurationPlatforms) = preSolution
		Debug|Any CPU = Debug|Any CPU
		Release|Any CPU = Release|Any CPU
	EndGlobalSection
	GlobalSection(ProjectConfigurationPlatforms) = postSolution
		{29E341E6-614C-48F9-9240-76BE56490E97}.Debug|Any CPU.ActiveCfg = Debug|Any CPU
		{29E341E6-614C-48F9-9240-76BE56490E97}.Debug|Any CPU.Build.0 = Debug|Any CPU
		{29E341E6-614C-48F9-9240-76BE56490E97}.Release|Any CPU.ActiveCfg = Release|Any CPU
		{29E341E6-614C-48F9-9240-76BE56490E97}.Release|Any CPU.Build.0 = Release|Any CPU
		{C5DD9F39-3100-4889-94EE-51B851C4A85C}.Debug|Any CPU.ActiveCfg = Debug|Any CPU
		{C5DD9F39-3100-4889-94EE-51B851C4A85C}.Debug|Any CPU.Build.0 = Debug|Any CPU
		{C5DD9F39-3100-4889-94EE-51B851C4A85C}.Release|Any CPU.ActiveCfg = Release|Any CPU
		{C5DD9F39-3100-4889-94EE-51B851C4A85C}.Release|Any CPU.Build.0 = Release|Any CPU
		{BA3931E0-A709-4670-814C-617AAFDF556D}.Debug|Any CPU.ActiveCfg = Debug|Any CPU
		{BA3931E0-A709-4670-814C-617AAFDF556D}.Debug|Any CPU.Build.0 = Debug|Any CPU
		{BA3931E0-A709-4670-814C-617AAFDF556D}.Release|Any CPU.ActiveCfg = Release|Any CPU
		{BA3931E0-A709-4670-814C-617AAFDF556D}.Release|Any CPU.Build.0 = Release|Any CPU
		{AF0F5FEF-CCA6-4CD0-98E9-AFC700AEEF53}.Debug|Any CPU.ActiveCfg = Debug|Any CPU
		{AF0F5FEF-CCA6-4CD0-98E9-AFC700AEEF53}.Debug|Any CPU.Build.0 = Debug|Any CPU
		{AF0F5FEF-CCA6-4CD0-98E9-AFC700AEEF53}.Release|Any CPU.ActiveCfg = Release|Any CPU
		{AF0F5FEF-CCA6-4CD0-98E9-AFC700AEEF53}.Release|Any CPU.Build.0 = Release|Any CPU
		{FD77EB60-9FF9-4F55-B579-3A97726E9462}.Debug|Any CPU.ActiveCfg = Debug|Any CPU
		{FD77EB60-9FF9-4F55-B579-3A97726E9462}.Debug|Any CPU.Build.0 = Debug|Any CPU
		{FD77EB60-9FF9-4F55-B579-3A97726E9462}.Release|Any CPU.ActiveCfg = Release|Any CPU
		{FD77EB60-9FF9-4F55-B579-3A97726E9462}.Release|Any CPU.Build.0 = Release|Any CPU
	EndGlobalSection
	GlobalSection(SolutionProperties) = preSolution
		HideSolutionNode = FALSE
	EndGlobalSection
	GlobalSection(ExtensibilityGlobals) = postSolution
		SolutionGuid = {2541AF15-8821-4C08-93A5-1A6FAE7AE7A7}
	EndGlobalSection
EndGlobal
