
Microsoft Visual Studio Solution File, Format Version 12.00
# Visual Studio 15
VisualStudioVersion = 15.0.26730.15
MinimumVisualStudioVersion = 10.0.40219.1
Project("{9A19103F-16F7-4668-BE54-9A1E7A4F7556}") = "BankAccount.Core", "BankAccount.Core\BankAccount.Core.csproj", "{D22C5163-323F-4F97-BFCB-7B2FB7668ED2}"
EndProject
Project("{9A19103F-16F7-4668-BE54-9A1E7A4F7556}") = "BankAccount.Persistence", "BankAccount.Persistence\BankAccount.Persistence.csproj", "{24E57B86-60BB-4DF1-8641-BBB6A4EFF7C3}"
EndProject
Project("{9A19103F-16F7-4668-BE54-9A1E7A4F7556}") = "BankAccount.ConsoleFillDb", "BankAccount.ConsoleFillDb\BankAccount.ConsoleFillDb.csproj", "{A8B16F3B-36D4-41A9-9220-96478C7EB08D}"
EndProject
Project("{9A19103F-16F7-4668-BE54-9A1E7A4F7556}") = "Utils", "Utils\Utils.csproj", "{884C09AB-95F4-4FF4-B034-DD63BA897C2D}"
EndProject
Project("{9A19103F-16F7-4668-BE54-9A1E7A4F7556}") = "BankAccount.TestProject", "BankAccount.TestProject\BankAccount.TestProject.csproj", "{88FFD226-FF25-4783-973D-FC6943BE1CB0}"
EndProject
Project("{FAE04EC0-301F-11D3-BF4B-00C04F79EFBC}") = "BankAccount.Wpf", "BankAccount.Wpf\BankAccount.Wpf.csproj", "{87C02879-5901-42C8-AA5D-5066A8517671}"
EndProject
Global
	GlobalSection(SolutionConfigurationPlatforms) = preSolution
		Debug|Any CPU = Debug|Any CPU
		Release|Any CPU = Release|Any CPU
	EndGlobalSection
	GlobalSection(ProjectConfigurationPlatforms) = postSolution
		{D22C5163-323F-4F97-BFCB-7B2FB7668ED2}.Debug|Any CPU.ActiveCfg = Debug|Any CPU
		{D22C5163-323F-4F97-BFCB-7B2FB7668ED2}.Debug|Any CPU.Build.0 = Debug|Any CPU
		{D22C5163-323F-4F97-BFCB-7B2FB7668ED2}.Release|Any CPU.ActiveCfg = Release|Any CPU
		{D22C5163-323F-4F97-BFCB-7B2FB7668ED2}.Release|Any CPU.Build.0 = Release|Any CPU
		{24E57B86-60BB-4DF1-8641-BBB6A4EFF7C3}.Debug|Any CPU.ActiveCfg = Debug|Any CPU
		{24E57B86-60BB-4DF1-8641-BBB6A4EFF7C3}.Debug|Any CPU.Build.0 = Debug|Any CPU
		{24E57B86-60BB-4DF1-8641-BBB6A4EFF7C3}.Release|Any CPU.ActiveCfg = Release|Any CPU
		{24E57B86-60BB-4DF1-8641-BBB6A4EFF7C3}.Release|Any CPU.Build.0 = Release|Any CPU
		{A8B16F3B-36D4-41A9-9220-96478C7EB08D}.Debug|Any CPU.ActiveCfg = Debug|Any CPU
		{A8B16F3B-36D4-41A9-9220-96478C7EB08D}.Debug|Any CPU.Build.0 = Debug|Any CPU
		{A8B16F3B-36D4-41A9-9220-96478C7EB08D}.Release|Any CPU.ActiveCfg = Release|Any CPU
		{A8B16F3B-36D4-41A9-9220-96478C7EB08D}.Release|Any CPU.Build.0 = Release|Any CPU
		{884C09AB-95F4-4FF4-B034-DD63BA897C2D}.Debug|Any CPU.ActiveCfg = Debug|Any CPU
		{884C09AB-95F4-4FF4-B034-DD63BA897C2D}.Debug|Any CPU.Build.0 = Debug|Any CPU
		{884C09AB-95F4-4FF4-B034-DD63BA897C2D}.Release|Any CPU.ActiveCfg = Release|Any CPU
		{884C09AB-95F4-4FF4-B034-DD63BA897C2D}.Release|Any CPU.Build.0 = Release|Any CPU
		{88FFD226-FF25-4783-973D-FC6943BE1CB0}.Debug|Any CPU.ActiveCfg = Debug|Any CPU
		{88FFD226-FF25-4783-973D-FC6943BE1CB0}.Debug|Any CPU.Build.0 = Debug|Any CPU
		{88FFD226-FF25-4783-973D-FC6943BE1CB0}.Release|Any CPU.ActiveCfg = Release|Any CPU
		{88FFD226-FF25-4783-973D-FC6943BE1CB0}.Release|Any CPU.Build.0 = Release|Any CPU
		{87C02879-5901-42C8-AA5D-5066A8517671}.Debug|Any CPU.ActiveCfg = Debug|Any CPU
		{87C02879-5901-42C8-AA5D-5066A8517671}.Debug|Any CPU.Build.0 = Debug|Any CPU
		{87C02879-5901-42C8-AA5D-5066A8517671}.Release|Any CPU.ActiveCfg = Release|Any CPU
		{87C02879-5901-42C8-AA5D-5066A8517671}.Release|Any CPU.Build.0 = Release|Any CPU
	EndGlobalSection
	GlobalSection(SolutionProperties) = preSolution
		HideSolutionNode = FALSE
	EndGlobalSection
	GlobalSection(ExtensibilityGlobals) = postSolution
		SolutionGuid = {22A4C681-9B60-4DBD-9FD9-DD23A44717AA}
	EndGlobalSection
EndGlobal
