
Microsoft Visual Studio Solution File, Format Version 12.00
# Visual Studio 15
VisualStudioVersion = 15.0.26730.15
MinimumVisualStudioVersion = 10.0.40219.1
Project("{FAE04EC0-301F-11D3-BF4B-00C04F79EFBC}") = "HotelChecker.Core", "HotelChecker.Core\HotelChecker.Core.csproj", "{30FC894B-4F9B-4F14-891C-C2A679ED1E80}"
EndProject
Project("{FAE04EC0-301F-11D3-BF4B-00C04F79EFBC}") = "HotelChecker.Persistence", "HotelChecker.Persistence\HotelChecker.Persistence.csproj", "{7AC3EE55-503C-4CF4-8CA3-649612E1A450}"
EndProject
Project("{FAE04EC0-301F-11D3-BF4B-00C04F79EFBC}") = "HotelChecker.ConsoleFillDb", "HotelChecker.ConsoleFillDb\HotelChecker.ConsoleFillDb.csproj", "{7A4AE6A0-EC72-4B28-9BE0-0079C978B9F9}"
EndProject
Project("{FAE04EC0-301F-11D3-BF4B-00C04F79EFBC}") = "Utils", "Utils\Utils.csproj", "{AF0F5FEF-CCA6-4CD0-98E9-AFC700AEEF53}"
EndProject
Project("{FAE04EC0-301F-11D3-BF4B-00C04F79EFBC}") = "HotelChecker.Web", "HotelChecker.Web\HotelChecker.Web.csproj", "{BDB97F9B-CC7F-47C1-B5A0-02FDB33164EE}"
EndProject
Global
	GlobalSection(SolutionConfigurationPlatforms) = preSolution
		Debug|Any CPU = Debug|Any CPU
		Release|Any CPU = Release|Any CPU
	EndGlobalSection
	GlobalSection(ProjectConfigurationPlatforms) = postSolution
		{30FC894B-4F9B-4F14-891C-C2A679ED1E80}.Debug|Any CPU.ActiveCfg = Debug|Any CPU
		{30FC894B-4F9B-4F14-891C-C2A679ED1E80}.Debug|Any CPU.Build.0 = Debug|Any CPU
		{30FC894B-4F9B-4F14-891C-C2A679ED1E80}.Release|Any CPU.ActiveCfg = Release|Any CPU
		{30FC894B-4F9B-4F14-891C-C2A679ED1E80}.Release|Any CPU.Build.0 = Release|Any CPU
		{7AC3EE55-503C-4CF4-8CA3-649612E1A450}.Debug|Any CPU.ActiveCfg = Debug|Any CPU
		{7AC3EE55-503C-4CF4-8CA3-649612E1A450}.Debug|Any CPU.Build.0 = Debug|Any CPU
		{7AC3EE55-503C-4CF4-8CA3-649612E1A450}.Release|Any CPU.ActiveCfg = Release|Any CPU
		{7AC3EE55-503C-4CF4-8CA3-649612E1A450}.Release|Any CPU.Build.0 = Release|Any CPU
		{7A4AE6A0-EC72-4B28-9BE0-0079C978B9F9}.Debug|Any CPU.ActiveCfg = Debug|Any CPU
		{7A4AE6A0-EC72-4B28-9BE0-0079C978B9F9}.Debug|Any CPU.Build.0 = Debug|Any CPU
		{7A4AE6A0-EC72-4B28-9BE0-0079C978B9F9}.Release|Any CPU.ActiveCfg = Release|Any CPU
		{7A4AE6A0-EC72-4B28-9BE0-0079C978B9F9}.Release|Any CPU.Build.0 = Release|Any CPU
		{AF0F5FEF-CCA6-4CD0-98E9-AFC700AEEF53}.Debug|Any CPU.ActiveCfg = Debug|Any CPU
		{AF0F5FEF-CCA6-4CD0-98E9-AFC700AEEF53}.Debug|Any CPU.Build.0 = Debug|Any CPU
		{AF0F5FEF-CCA6-4CD0-98E9-AFC700AEEF53}.Release|Any CPU.ActiveCfg = Release|Any CPU
		{AF0F5FEF-CCA6-4CD0-98E9-AFC700AEEF53}.Release|Any CPU.Build.0 = Release|Any CPU
		{BDB97F9B-CC7F-47C1-B5A0-02FDB33164EE}.Debug|Any CPU.ActiveCfg = Debug|Any CPU
		{BDB97F9B-CC7F-47C1-B5A0-02FDB33164EE}.Debug|Any CPU.Build.0 = Debug|Any CPU
		{BDB97F9B-CC7F-47C1-B5A0-02FDB33164EE}.Release|Any CPU.ActiveCfg = Release|Any CPU
		{BDB97F9B-CC7F-47C1-B5A0-02FDB33164EE}.Release|Any CPU.Build.0 = Release|Any CPU
	EndGlobalSection
	GlobalSection(SolutionProperties) = preSolution
		HideSolutionNode = FALSE
	EndGlobalSection
	GlobalSection(ExtensibilityGlobals) = postSolution
		SolutionGuid = {246A945B-8BCA-48F9-829E-ED8C878CD4B9}
	EndGlobalSection
EndGlobal
