
Microsoft Visual Studio Solution File, Format Version 12.00
# Visual Studio 15
VisualStudioVersion = 15.0.26730.15
MinimumVisualStudioVersion = 10.0.40219.1
Project("{FAE04EC0-301F-11D3-BF4B-00C04F79EFBC}") = "CdManager.Model", "CdManager.Model\CdManager.Model.csproj", "{97C8E115-61DE-48F0-8856-3B1FCB4674D9}"
EndProject
Project("{FAE04EC0-301F-11D3-BF4B-00C04F79EFBC}") = "Utils", "Utils\Utils.csproj", "{AF0F5FEF-CCA6-4CD0-98E9-AFC700AEEF53}"
EndProject
Project("{FAE04EC0-301F-11D3-BF4B-00C04F79EFBC}") = "CdManager.Wpf", "CdManager.Wpf\CdManager.Wpf.csproj", "{6C437B09-DC49-4F19-9E39-A24ED0A0D7DF}"
EndProject
Global
	GlobalSection(SolutionConfigurationPlatforms) = preSolution
		Debug|Any CPU = Debug|Any CPU
		Debug|Mixed Platforms = Debug|Mixed Platforms
		Debug|x86 = Debug|x86
		Release|Any CPU = Release|Any CPU
		Release|Mixed Platforms = Release|Mixed Platforms
		Release|x86 = Release|x86
	EndGlobalSection
	GlobalSection(ProjectConfigurationPlatforms) = postSolution
		{97C8E115-61DE-48F0-8856-3B1FCB4674D9}.Debug|Any CPU.ActiveCfg = Debug|Any CPU
		{97C8E115-61DE-48F0-8856-3B1FCB4674D9}.Debug|Any CPU.Build.0 = Debug|Any CPU
		{97C8E115-61DE-48F0-8856-3B1FCB4674D9}.Debug|Mixed Platforms.ActiveCfg = Debug|Any CPU
		{97C8E115-61DE-48F0-8856-3B1FCB4674D9}.Debug|Mixed Platforms.Build.0 = Debug|Any CPU
		{97C8E115-61DE-48F0-8856-3B1FCB4674D9}.Debug|x86.ActiveCfg = Debug|Any CPU
		{97C8E115-61DE-48F0-8856-3B1FCB4674D9}.Release|Any CPU.ActiveCfg = Release|Any CPU
		{97C8E115-61DE-48F0-8856-3B1FCB4674D9}.Release|Any CPU.Build.0 = Release|Any CPU
		{97C8E115-61DE-48F0-8856-3B1FCB4674D9}.Release|Mixed Platforms.ActiveCfg = Release|Any CPU
		{97C8E115-61DE-48F0-8856-3B1FCB4674D9}.Release|Mixed Platforms.Build.0 = Release|Any CPU
		{97C8E115-61DE-48F0-8856-3B1FCB4674D9}.Release|x86.ActiveCfg = Release|Any CPU
		{AF0F5FEF-CCA6-4CD0-98E9-AFC700AEEF53}.Debug|Any CPU.ActiveCfg = Debug|Any CPU
		{AF0F5FEF-CCA6-4CD0-98E9-AFC700AEEF53}.Debug|Any CPU.Build.0 = Debug|Any CPU
		{AF0F5FEF-CCA6-4CD0-98E9-AFC700AEEF53}.Debug|Mixed Platforms.ActiveCfg = Debug|Any CPU
		{AF0F5FEF-CCA6-4CD0-98E9-AFC700AEEF53}.Debug|Mixed Platforms.Build.0 = Debug|Any CPU
		{AF0F5FEF-CCA6-4CD0-98E9-AFC700AEEF53}.Debug|x86.ActiveCfg = Debug|Any CPU
		{AF0F5FEF-CCA6-4CD0-98E9-AFC700AEEF53}.Release|Any CPU.ActiveCfg = Release|Any CPU
		{AF0F5FEF-CCA6-4CD0-98E9-AFC700AEEF53}.Release|Any CPU.Build.0 = Release|Any CPU
		{AF0F5FEF-CCA6-4CD0-98E9-AFC700AEEF53}.Release|Mixed Platforms.ActiveCfg = Release|Any CPU
		{AF0F5FEF-CCA6-4CD0-98E9-AFC700AEEF53}.Release|Mixed Platforms.Build.0 = Release|Any CPU
		{AF0F5FEF-CCA6-4CD0-98E9-AFC700AEEF53}.Release|x86.ActiveCfg = Release|Any CPU
		{6C437B09-DC49-4F19-9E39-A24ED0A0D7DF}.Debug|Any CPU.ActiveCfg = Debug|Any CPU
		{6C437B09-DC49-4F19-9E39-A24ED0A0D7DF}.Debug|Any CPU.Build.0 = Debug|Any CPU
		{6C437B09-DC49-4F19-9E39-A24ED0A0D7DF}.Debug|Mixed Platforms.ActiveCfg = Debug|Any CPU
		{6C437B09-DC49-4F19-9E39-A24ED0A0D7DF}.Debug|Mixed Platforms.Build.0 = Debug|Any CPU
		{6C437B09-DC49-4F19-9E39-A24ED0A0D7DF}.Debug|x86.ActiveCfg = Debug|Any CPU
		{6C437B09-DC49-4F19-9E39-A24ED0A0D7DF}.Debug|x86.Build.0 = Debug|Any CPU
		{6C437B09-DC49-4F19-9E39-A24ED0A0D7DF}.Release|Any CPU.ActiveCfg = Release|Any CPU
		{6C437B09-DC49-4F19-9E39-A24ED0A0D7DF}.Release|Any CPU.Build.0 = Release|Any CPU
		{6C437B09-DC49-4F19-9E39-A24ED0A0D7DF}.Release|Mixed Platforms.ActiveCfg = Release|Any CPU
		{6C437B09-DC49-4F19-9E39-A24ED0A0D7DF}.Release|Mixed Platforms.Build.0 = Release|Any CPU
		{6C437B09-DC49-4F19-9E39-A24ED0A0D7DF}.Release|x86.ActiveCfg = Release|Any CPU
		{6C437B09-DC49-4F19-9E39-A24ED0A0D7DF}.Release|x86.Build.0 = Release|Any CPU
	EndGlobalSection
	GlobalSection(SolutionProperties) = preSolution
		HideSolutionNode = FALSE
	EndGlobalSection
	GlobalSection(ExtensibilityGlobals) = postSolution
		SolutionGuid = {9CC1E217-6257-4D64-BFBD-948A45F6C636}
	EndGlobalSection
EndGlobal
