
Microsoft Visual Studio Solution File, Format Version 12.00
# Visual Studio 15
VisualStudioVersion = 15.0.26730.15
MinimumVisualStudioVersion = 10.0.40219.1
Project("{FAE04EC0-301F-11D3-BF4B-00C04F79EFBC}") = "ActivityReport.Wpf", "ActivityReport.Wpf\ActivityReport.Wpf.csproj", "{5975F768-4E69-4A65-8E6C-53B167822362}"
EndProject
Project("{FAE04EC0-301F-11D3-BF4B-00C04F79EFBC}") = "ActivityManager.Model", "ActivityManager.Model\ActivityManager.Model.csproj", "{A09ED7C8-B7A8-4FB0-9A02-DB219977A8EE}"
EndProject
Global
	GlobalSection(SolutionConfigurationPlatforms) = preSolution
		Debug|Any CPU = Debug|Any CPU
		Release|Any CPU = Release|Any CPU
	EndGlobalSection
	GlobalSection(ProjectConfigurationPlatforms) = postSolution
		{5975F768-4E69-4A65-8E6C-53B167822362}.Debug|Any CPU.ActiveCfg = Debug|Any CPU
		{5975F768-4E69-4A65-8E6C-53B167822362}.Debug|Any CPU.Build.0 = Debug|Any CPU
		{5975F768-4E69-4A65-8E6C-53B167822362}.Release|Any CPU.ActiveCfg = Release|Any CPU
		{5975F768-4E69-4A65-8E6C-53B167822362}.Release|Any CPU.Build.0 = Release|Any CPU
		{A09ED7C8-B7A8-4FB0-9A02-DB219977A8EE}.Debug|Any CPU.ActiveCfg = Debug|Any CPU
		{A09ED7C8-B7A8-4FB0-9A02-DB219977A8EE}.Debug|Any CPU.Build.0 = Debug|Any CPU
		{A09ED7C8-B7A8-4FB0-9A02-DB219977A8EE}.Release|Any CPU.ActiveCfg = Release|Any CPU
		{A09ED7C8-B7A8-4FB0-9A02-DB219977A8EE}.Release|Any CPU.Build.0 = Release|Any CPU
	EndGlobalSection
	GlobalSection(SolutionProperties) = preSolution
		HideSolutionNode = FALSE
	EndGlobalSection
	GlobalSection(ExtensibilityGlobals) = postSolution
		SolutionGuid = {C5B59677-4BF6-42E5-A3DB-715D4E53F331}
	EndGlobalSection
EndGlobal
